# THIS IS AN AUTOGENERATED FILE. DO NOT EDIT THIS FILE DIRECTLY.
# yarn lockfile v1


arr-flatten@^1.0.1:
  version "1.1.0"
  resolved "https://registry.yarnpkg.com/arr-flatten/-/arr-flatten-1.1.0.tgz#36048bbff4e7b47e136644316c99669ea5ae91f1"
  integrity sha512-L3hKV5R/p5o81R7O02IGnwpDmkp6E982XhtbuwSe3O4qOtMMMtodicASA1Cny2U+aCXcNpml+m4dPsvsJ3jatg==

arr-union@^3.1.0:
  version "3.1.0"
  resolved "https://registry.yarnpkg.com/arr-union/-/arr-union-3.1.0.tgz#e39b09aea9def866a8f206e288af63919bae39c4"
  integrity sha1-45sJrqne+Gao8gbiiK9jkZuuOcQ=

dayjs@^1.7.7:
  version "1.8.0"
  resolved "https://registry.yarnpkg.com/dayjs/-/dayjs-1.8.0.tgz#507963ac3023f4b1f9f399a278356946fc4c9ae9"
  integrity sha512-2ofInmfMKLLR5R02q3WEUuDt86UK33VQQTaEeJudF+C04ZUaekCP3VpB0NJPiyPDCGJWq9XYhHX2AemdxA8+dg==

extend-shallow@^2.0.1:
  version "2.0.1"
  resolved "https://registry.yarnpkg.com/extend-shallow/-/extend-shallow-2.0.1.tgz#51af7d614ad9a9f610ea1bafbb989d6b1c56890f"
  integrity sha1-Ua99YUrZqfYQ6huvu5idaxxWiQ8=
  dependencies:
    is-extendable "^0.1.0"

for-in@^1.0.1:
  version "1.0.2"
  resolved "https://registry.yarnpkg.com/for-in/-/for-in-1.0.2.tgz#81068d295a8142ec0ac726c6e2200c30fb6d5e80"
  integrity sha1-gQaNKVqBQuwKxybG4iAMMPttXoA=

for-own@^0.1.4:
  version "0.1.5"
  resolved "https://registry.yarnpkg.com/for-own/-/for-own-0.1.5.tgz#5265c681a4f294dabbf17c9509b6763aa84510ce"
  integrity sha1-UmXGgaTylNq78XyVCbZ2OqhFEM4=
  dependencies:
    for-in "^1.0.1"

get-value@^2.0.6:
  version "2.0.6"
  resolved "https://registry.yarnpkg.com/get-value/-/get-value-2.0.6.tgz#dc15ca1c672387ca76bd37ac0a395ba2042a2c28"
  integrity sha1-3BXKHGcjh8p2vTesCjlbogQqLCg=

group-array@^0.3.3:
  version "0.3.3"
  resolved "https://registry.yarnpkg.com/group-array/-/group-array-0.3.3.tgz#bbd9d2f718df4be33f0fb90432aaf1b4360e498f"
  integrity sha1-u9nS9xjfS+M/D7kEMqrxtDYOSY8=
  dependencies:
    arr-flatten "^1.0.1"
    for-own "^0.1.4"
    get-value "^2.0.6"
    kind-of "^3.1.0"
    split-string "^1.0.1"
    union-value "^0.2.3"

is-buffer@^1.1.5:
  version "1.1.6"
  resolved "https://registry.yarnpkg.com/is-buffer/-/is-buffer-1.1.6.tgz#efaa2ea9daa0d7ab2ea13a97b2b8ad51fefbe8be"
  integrity sha512-NcdALwpXkTm5Zvvbk7owOUSvVvBKDgKP5/ewfXEznmQFfs4ZRmanOeKBTjRVjka3QFoN6XJ+9F3USqfHqTaU5w==

is-extendable@^0.1.0, is-extendable@^0.1.1:
  version "0.1.1"
  resolved "https://registry.yarnpkg.com/is-extendable/-/is-extendable-0.1.1.tgz#62b110e289a471418e3ec36a617d472e301dfc89"
  integrity sha1-YrEQ4omkcUGOPsNqYX1HLjAd/Ik=

is-plain-object@^2.0.1:
  version "2.0.4"
  resolved "https://registry.yarnpkg.com/is-plain-object/-/is-plain-object-2.0.4.tgz#2c163b3fafb1b606d9d17928f05c2a1c38e07677"
  integrity sha512-h5PpgXkWitc38BBMYawTYMWJHFZJVnBquFE57xFpjB8pJFiF6gZ+bU+WyI/yqXiFR5mdLsgYNaPe8uao6Uv9Og==
  dependencies:
    isobject "^3.0.1"

isobject@^3.0.1:
  version "3.0.1"
  resolved "https://registry.yarnpkg.com/isobject/-/isobject-3.0.1.tgz#4e431e92b11a9731636aa1f9c8d1ccbcfdab78df"
  integrity sha1-TkMekrEalzFjaqH5yNHMvP2reN8=

kind-of@^3.0.2, kind-of@^3.1.0:
  version "3.2.2"
  resolved "https://registry.yarnpkg.com/kind-of/-/kind-of-3.2.2.tgz#31ea21a734bab9bbb0f32466d893aea51e4a3c64"
  integrity sha1-MeohpzS6ubuw8yRm2JOupR5KPGQ=
  dependencies:
    is-buffer "^1.1.5"

set-value@^0.4.3:
  version "0.4.3"
  resolved "https://registry.yarnpkg.com/set-value/-/set-value-0.4.3.tgz#7db08f9d3d22dc7f78e53af3c3bf4666ecdfccf1"
  integrity sha1-fbCPnT0i3H945Trzw79GZuzfzPE=
  dependencies:
    extend-shallow "^2.0.1"
    is-extendable "^0.1.1"
    is-plain-object "^2.0.1"
    to-object-path "^0.3.0"

split-string@^1.0.1:
  version "1.0.1"
  resolved "https://registry.yarnpkg.com/split-string/-/split-string-1.0.1.tgz#bcbab3f4152acee3a0d6ab2479c0d2879c3db3ce"
  integrity sha1-vLqz9BUqzuOg1qskecDSh5w9s84=
  dependencies:
    extend-shallow "^2.0.1"

to-object-path@^0.3.0:
  version "0.3.0"
  resolved "https://registry.yarnpkg.com/to-object-path/-/to-object-path-0.3.0.tgz#297588b7b0e7e0ac08e04e672f85c1f4999e17af"
  integrity sha1-KXWIt7Dn4KwI4E5nL4XB9JmeF68=
  dependencies:
    kind-of "^3.0.2"

union-value@^0.2.3:
  version "0.2.4"
  resolved "https://registry.yarnpkg.com/union-value/-/union-value-0.2.4.tgz#7375152786679057e7b37aa676e83468fc0274f0"
  integrity sha1-c3UVJ4ZnkFfns3qmdug0aPwCdPA=
  dependencies:
    arr-union "^3.1.0"
    get-value "^2.0.6"
    is-extendable "^0.1.1"
    set-value "^0.4.3"

uti-js@^1.0.5:
  version "1.0.5"
  resolved "https://registry.yarnpkg.com/uti-js/-/uti-js-1.0.5.tgz#22475cc544f53fd4309f29dd5fb58de019c84b15"
  integrity sha512-AhhIjE1zccTZPe/ypu6ZwM00h/pyuqrcWcnT8Eh3rl79G25LgQ9CRU2Fh7+eRcZWbtulwsm/vjbzhC9IUKf6ng==
  dependencies:
    dayjs "^1.7.7"
    group-array "^0.3.3"
